
Microsoft Visual Studio Solution File, Format Version 12.00
# Visual Studio 15
VisualStudioVersion = 15.0.26124.0
MinimumVisualStudioVersion = 15.0.26124.0
Project("{2150E333-8FDC-42A3-9474-1A3956D46DE8}") = "src", "src", "{0A19B88E-3ED7-401A-81B1-AE5E60C2EFA2}"
EndProject
Project("{F2A71F9B-5D33-465A-A702-920D77279786}") = "FsPdf", "src\FsPdf\FsPdf.fsproj", "{C7231730-A8B4-4933-903B-A3790672ADA1}"
EndProject
Project("{2150E333-8FDC-42A3-9474-1A3956D46DE8}") = "tests", "tests", "{C2539478-F8AB-4635-92FC-8DBA17F3767D}"
EndProject
Project("{F2A71F9B-5D33-465A-A702-920D77279786}") = "FsPdf.Tests", "tests\FsPdf.Tests\FsPdf.Tests.fsproj", "{B9E87E5D-9400-498E-B247-8C5424417F68}"
EndProject
Global
	GlobalSection(SolutionConfigurationPlatforms) = preSolution
		Debug|Any CPU = Debug|Any CPU
		Debug|x64 = Debug|x64
		Debug|x86 = Debug|x86
		Release|Any CPU = Release|Any CPU
		Release|x64 = Release|x64
		Release|x86 = Release|x86
	EndGlobalSection
	GlobalSection(SolutionProperties) = preSolution
		HideSolutionNode = FALSE
	EndGlobalSection
	GlobalSection(ProjectConfigurationPlatforms) = postSolution
		{C7231730-A8B4-4933-903B-A3790672ADA1}.Debug|Any CPU.ActiveCfg = Debug|Any CPU
		{C7231730-A8B4-4933-903B-A3790672ADA1}.Debug|Any CPU.Build.0 = Debug|Any CPU
		{C7231730-A8B4-4933-903B-A3790672ADA1}.Debug|x64.ActiveCfg = Debug|Any CPU
		{C7231730-A8B4-4933-903B-A3790672ADA1}.Debug|x64.Build.0 = Debug|Any CPU
		{C7231730-A8B4-4933-903B-A3790672ADA1}.Debug|x86.ActiveCfg = Debug|Any CPU
		{C7231730-A8B4-4933-903B-A3790672ADA1}.Debug|x86.Build.0 = Debug|Any CPU
		{C7231730-A8B4-4933-903B-A3790672ADA1}.Release|Any CPU.ActiveCfg = Release|Any CPU
		{C7231730-A8B4-4933-903B-A3790672ADA1}.Release|Any CPU.Build.0 = Release|Any CPU
		{C7231730-A8B4-4933-903B-A3790672ADA1}.Release|x64.ActiveCfg = Release|Any CPU
		{C7231730-A8B4-4933-903B-A3790672ADA1}.Release|x64.Build.0 = Release|Any CPU
		{C7231730-A8B4-4933-903B-A3790672ADA1}.Release|x86.ActiveCfg = Release|Any CPU
		{C7231730-A8B4-4933-903B-A3790672ADA1}.Release|x86.Build.0 = Release|Any CPU
		{B9E87E5D-9400-498E-B247-8C5424417F68}.Debug|Any CPU.ActiveCfg = Debug|Any CPU
		{B9E87E5D-9400-498E-B247-8C5424417F68}.Debug|Any CPU.Build.0 = Debug|Any CPU
		{B9E87E5D-9400-498E-B247-8C5424417F68}.Debug|x64.ActiveCfg = Debug|Any CPU
		{B9E87E5D-9400-498E-B247-8C5424417F68}.Debug|x64.Build.0 = Debug|Any CPU
		{B9E87E5D-9400-498E-B247-8C5424417F68}.Debug|x86.ActiveCfg = Debug|Any CPU
		{B9E87E5D-9400-498E-B247-8C5424417F68}.Debug|x86.Build.0 = Debug|Any CPU
		{B9E87E5D-9400-498E-B247-8C5424417F68}.Release|Any CPU.ActiveCfg = Release|Any CPU
		{B9E87E5D-9400-498E-B247-8C5424417F68}.Release|Any CPU.Build.0 = Release|Any CPU
		{B9E87E5D-9400-498E-B247-8C5424417F68}.Release|x64.ActiveCfg = Release|Any CPU
		{B9E87E5D-9400-498E-B247-8C5424417F68}.Release|x64.Build.0 = Release|Any CPU
		{B9E87E5D-9400-498E-B247-8C5424417F68}.Release|x86.ActiveCfg = Release|Any CPU
		{B9E87E5D-9400-498E-B247-8C5424417F68}.Release|x86.Build.0 = Release|Any CPU
	EndGlobalSection
	GlobalSection(NestedProjects) = preSolution
		{C7231730-A8B4-4933-903B-A3790672ADA1} = {0A19B88E-3ED7-401A-81B1-AE5E60C2EFA2}
		{B9E87E5D-9400-498E-B247-8C5424417F68} = {C2539478-F8AB-4635-92FC-8DBA17F3767D}
	EndGlobalSection
EndGlobal
